# THIS IS AN AUTOGENERATED FILE. DO NOT EDIT THIS FILE DIRECTLY.
# yarn lockfile v1
desandro-matches-selector@^2.0.0:
  version "2.0.1"
  resolved "https://registry.yarnpkg.com/desandro-matches-selector/-/desandro-matches-selector-2.0.1.tgz#2bd348d5d7605dbe475fa246af8b1feed022d05e"

ev-emitter@^1.0.2, ev-emitter@~1.0.1:
  version "1.0.3"
  resolved "https://registry.yarnpkg.com/ev-emitter/-/ev-emitter-1.0.3.tgz#ee5ef74b6ed28d911b32ddcbfc97867f580937bc"

fizzy-ui-utils@^2.0.0:
  version "2.0.3"
  resolved "https://registry.yarnpkg.com/fizzy-ui-utils/-/fizzy-ui-utils-2.0.3.tgz#4e8ae47b30ba2de32ed7a6f4cbc9fb7faf583432"
  dependencies:
    desandro-matches-selector "^2.0.0"

flickity:
  version "2.0.5"
  resolved "https://registry.yarnpkg.com/flickity/-/flickity-2.0.5.tgz#e338c1b9a66a9c9a5e6948f9dfa48501b4603b6d"
  dependencies:
    desandro-matches-selector "^2.0.0"
    ev-emitter "^1.0.2"
    fizzy-ui-utils "^2.0.0"
    get-size "^2.0.0"
    tap-listener "^2.0.0"
    unidragger "^2.1.0"

get-size@^2.0.0:
  version "2.0.2"
  resolved "https://registry.yarnpkg.com/get-size/-/get-size-2.0.2.tgz#555ea98ab8732e0c021e9e23e2219adcbe398e98"

tap-listener@^2.0.0:
  version "2.0.0"
  resolved "https://registry.yarnpkg.com/tap-listener/-/tap-listener-2.0.0.tgz#d2e11d0d8e7c92b26a56ae4f35538a248b44ad63"
  dependencies:
    unipointer "^2.1.0"

unidragger@^2.1.0:
  version "2.1.0"
  resolved "https://registry.yarnpkg.com/unidragger/-/unidragger-2.1.0.tgz#e4c23f5fab8188c637e776d0b3810c7d989e5561"
  dependencies:
    unipointer "~2.1.0"

unipointer@^2.1.0, unipointer@~2.1.0:
  version "2.1.0"
  resolved "https://registry.yarnpkg.com/unipointer/-/unipointer-2.1.0.tgz#b1e9fa2986c1306d97330587ba434d285ccfe37f"
  dependencies:
    ev-emitter "~1.0.1"

vue:
  version "2.1.4"
  resolved "https://registry.yarnpkg.com/vue/-/vue-2.1.4.tgz#d490f8fcf696847d8cf7f8eb9168e9a5dd806bfc"

